// !$*UTF8*$!
{
	archiveVersion = 1;
	classes = {
	};
	objectVersion = 46;
	objects = {

/* Begin PBXBuildFile section */
		5D1257CD19AE734C00029CB4 /* Cocoa.framework in Frameworks */ = {isa = PBXBuildFile; fileRef = 5D1257CC19AE734C00029CB4 /* Cocoa.framework */; };
		5D1257D719AE734C00029CB4 /* InfoPlist.strings in Resources */ = {isa = PBXBuildFile; fileRef = 5D1257D519AE734C00029CB4 /* InfoPlist.strings */; };
		5D1257D919AE734C00029CB4 /* main.m in Sources */ = {isa = PBXBuildFile; fileRef = 5D1257D819AE734C00029CB4 /* main.m */; };
		5D1257DD19AE734C00029CB4 /* Credits.rtf in Resources */ = {isa = PBXBuildFile; fileRef = 5D1257DB19AE734C00029CB4 /* Credits.rtf */; };
		5D1257E019AE734C00029CB4 /* AppDelegate.m in Sources */ = {isa = PBXBuildFile; fileRef = 5D1257DF19AE734C00029CB4 /* AppDelegate.m */; };
		5D1257E319AE734C00029CB4 /* MainMenu.xib in Resources */ = {isa = PBXBuildFile; fileRef = 5D1257E119AE734C00029CB4 /* MainMenu.xib */; };
		5D1257E519AE734C00029CB4 /* Images.xcassets in Resources */ = {isa = PBXBuildFile; fileRef = 5D1257E419AE734C00029CB4 /* Images.xcassets */; };
		5D1257EC19AE734C00029CB4 /* XCTest.framework in Frameworks */ = {isa = PBXBuildFile; fileRef = 5D1257EB19AE734C00029CB4 /* XCTest.framework */; };
		5D1257ED19AE734C00029CB4 /* Cocoa.framework in Frameworks */ = {isa = PBXBuildFile; fileRef = 5D1257CC19AE734C00029CB4 /* Cocoa.framework */; };
		5D1257F519AE734C00029CB4 /* InfoPlist.strings in Resources */ = {isa = PBXBuildFile; fileRef = 5D1257F319AE734C00029CB4 /* InfoPlist.strings */; };
		5D1257F719AE734C00029CB4 /* WhosNextTests.m in Sources */ = {isa = PBXBuildFile; fileRef = 5D1257F619AE734C00029CB4 /* WhosNextTests.m */; };
		5D12580319AE744A00029CB4 /* MasterViewController.m in Sources */ = {isa = PBXBuildFile; fileRef = 5D12580119AE744A00029CB4 /* MasterViewController.m */; };
		5D12580419AE744A00029CB4 /* MasterViewController.xib in Resources */ = {isa = PBXBuildFile; fileRef = 5D12580219AE744A00029CB4 /* MasterViewController.xib */; };
		5D12580919AE76CC00029CB4 /* TeamMemberData.m in Sources */ = {isa = PBXBuildFile; fileRef = 5D12580819AE76CC00029CB4 /* TeamMemberData.m */; };
		5D12580C19AE77EB00029CB4 /* TeamMeberDoc.m in Sources */ = {isa = PBXBuildFile; fileRef = 5D12580B19AE77EB00029CB4 /* TeamMeberDoc.m */; };
/* End PBXBuildFile section */

/* Begin PBXContainerItemProxy section */
		5D1257EE19AE734C00029CB4 /* PBXContainerItemProxy */ = {
			isa = PBXContainerItemProxy;
			containerPortal = 5D1257C119AE734C00029CB4 /* Project object */;
			proxyType = 1;
			remoteGlobalIDString = 5D1257C819AE734C00029CB4;
			remoteInfo = WhosNext;
		};
/* End PBXContainerItemProxy section */

/* Begin PBXFileReference section */
		5D1257C919AE734C00029CB4 /* WhosNext.app */ = {isa = PBXFileReference; explicitFileType = wrapper.application; includeInIndex = 0; path = WhosNext.app; sourceTree = BUILT_PRODUCTS_DIR; };
		5D1257CC19AE734C00029CB4 /* Cocoa.framework */ = {isa = PBXFileReference; lastKnownFileType = wrapper.framework; name = Cocoa.framework; path = System/Library/Frameworks/Cocoa.framework; sourceTree = SDKROOT; };
		5D1257CF19AE734C00029CB4 /* AppKit.framework */ = {isa = PBXFileReference; lastKnownFileType = wrapper.framework; name = AppKit.framework; path = System/Library/Frameworks/AppKit.framework; sourceTree = SDKROOT; };
		5D1257D019AE734C00029CB4 /* CoreData.framework */ = {isa = PBXFileReference; lastKnownFileType = wrapper.framework; name = CoreData.framework; path = System/Library/Frameworks/CoreData.framework; sourceTree = SDKROOT; };
		5D1257D119AE734C00029CB4 /* Foundation.framework */ = {isa = PBXFileReference; lastKnownFileType = wrapper.framework; name = Foundation.framework; path = System/Library/Frameworks/Foundation.framework; sourceTree = SDKROOT; };
		5D1257D419AE734C00029CB4 /* WhosNext-Info.plist */ = {isa = PBXFileReference; lastKnownFileType = text.plist.xml; path = "WhosNext-Info.plist"; sourceTree = "<group>"; };
		5D1257D619AE734C00029CB4 /* en */ = {isa = PBXFileReference; lastKnownFileType = text.plist.strings; name = en; path = en.lproj/InfoPlist.strings; sourceTree = "<group>"; };
		5D1257D819AE734C00029CB4 /* main.m */ = {isa = PBXFileReference; lastKnownFileType = sourcecode.c.objc; path = main.m; sourceTree = "<group>"; };
		5D1257DA19AE734C00029CB4 /* WhosNext-Prefix.pch */ = {isa = PBXFileReference; lastKnownFileType = sourcecode.c.h; path = "WhosNext-Prefix.pch"; sourceTree = "<group>"; };
		5D1257DC19AE734C00029CB4 /* en */ = {isa = PBXFileReference; lastKnownFileType = text.rtf; name = en; path = en.lproj/Credits.rtf; sourceTree = "<group>"; };
		5D1257DE19AE734C00029CB4 /* AppDelegate.h */ = {isa = PBXFileReference; lastKnownFileType = sourcecode.c.h; path = AppDelegate.h; sourceTree = "<group>"; };
		5D1257DF19AE734C00029CB4 /* AppDelegate.m */ = {isa = PBXFileReference; lastKnownFileType = sourcecode.c.objc; path = AppDelegate.m; sourceTree = "<group>"; };
		5D1257E219AE734C00029CB4 /* Base */ = {isa = PBXFileReference; lastKnownFileType = file.xib; name = Base; path = Base.lproj/MainMenu.xib; sourceTree = "<group>"; };
		5D1257E419AE734C00029CB4 /* Images.xcassets */ = {isa = PBXFileReference; lastKnownFileType = folder.assetcatalog; path = Images.xcassets; sourceTree = "<group>"; };
		5D1257EA19AE734C00029CB4 /* WhosNextTests.xctest */ = {isa = PBXFileReference; explicitFileType = wrapper.cfbundle; includeInIndex = 0; path = WhosNextTests.xctest; sourceTree = BUILT_PRODUCTS_DIR; };
		5D1257EB19AE734C00029CB4 /* XCTest.framework */ = {isa = PBXFileReference; lastKnownFileType = wrapper.framework; name = XCTest.framework; path = Library/Frameworks/XCTest.framework; sourceTree = DEVELOPER_DIR; };
		5D1257F219AE734C00029CB4 /* WhosNextTests-Info.plist */ = {isa = PBXFileReference; lastKnownFileType = text.plist.xml; path = "WhosNextTests-Info.plist"; sourceTree = "<group>"; };
		5D1257F419AE734C00029CB4 /* en */ = {isa = PBXFileReference; lastKnownFileType = text.plist.strings; name = en; path = en.lproj/InfoPlist.strings; sourceTree = "<group>"; };
		5D1257F619AE734C00029CB4 /* WhosNextTests.m */ = {isa = PBXFileReference; lastKnownFileType = sourcecode.c.objc; path = WhosNextTests.m; sourceTree = "<group>"; };
		5D12580019AE744A00029CB4 /* MasterViewController.h */ = {isa = PBXFileReference; fileEncoding = 4; lastKnownFileType = sourcecode.c.h; path = MasterViewController.h; sourceTree = "<group>"; };
		5D12580119AE744A00029CB4 /* MasterViewController.m */ = {isa = PBXFileReference; fileEncoding = 4; lastKnownFileType = sourcecode.c.objc; path = MasterViewController.m; sourceTree = "<group>"; };
		5D12580219AE744A00029CB4 /* MasterViewController.xib */ = {isa = PBXFileReference; fileEncoding = 4; lastKnownFileType = file.xib; path = MasterViewController.xib; sourceTree = "<group>"; };
		5D12580719AE76CC00029CB4 /* TeamMemberData.h */ = {isa = PBXFileReference; fileEncoding = 4; lastKnownFileType = sourcecode.c.h; path = TeamMemberData.h; sourceTree = "<group>"; };
		5D12580819AE76CC00029CB4 /* TeamMemberData.m */ = {isa = PBXFileReference; fileEncoding = 4; lastKnownFileType = sourcecode.c.objc; path = TeamMemberData.m; sourceTree = "<group>"; };
		5D12580A19AE77EB00029CB4 /* TeamMeberDoc.h */ = {isa = PBXFileReference; fileEncoding = 4; lastKnownFileType = sourcecode.c.h; path = TeamMeberDoc.h; sourceTree = "<group>"; };
		5D12580B19AE77EB00029CB4 /* TeamMeberDoc.m */ = {isa = PBXFileReference; fileEncoding = 4; lastKnownFileType = sourcecode.c.objc; path = TeamMeberDoc.m; sourceTree = "<group>"; };
/* End PBXFileReference section */

/* Begin PBXFrameworksBuildPhase section */
		5D1257C619AE734C00029CB4 /* Frameworks */ = {
			isa = PBXFrameworksBuildPhase;
			buildActionMask = 2147483647;
			files = (
				5D1257CD19AE734C00029CB4 /* Cocoa.framework in Frameworks */,
			);
			runOnlyForDeploymentPostprocessing = 0;
		};
		5D1257E719AE734C00029CB4 /* Frameworks */ = {
			isa = PBXFrameworksBuildPhase;
			buildActionMask = 2147483647;
			files = (
				5D1257ED19AE734C00029CB4 /* Cocoa.framework in Frameworks */,
				5D1257EC19AE734C00029CB4 /* XCTest.framework in Frameworks */,
			);
			runOnlyForDeploymentPostprocessing = 0;
		};
/* End PBXFrameworksBuildPhase section */

/* Begin PBXGroup section */
		5D1257C019AE734C00029CB4 = {
			isa = PBXGroup;
			children = (
				5D1257D219AE734C00029CB4 /* WhosNext */,
				5D1257F019AE734C00029CB4 /* WhosNextTests */,
				5D1257CB19AE734C00029CB4 /* Frameworks */,
				5D1257CA19AE734C00029CB4 /* Products */,
			);
			sourceTree = "<group>";
		};
		5D1257CA19AE734C00029CB4 /* Products */ = {
			isa = PBXGroup;
			children = (
				5D1257C919AE734C00029CB4 /* WhosNext.app */,
				5D1257EA19AE734C00029CB4 /* WhosNextTests.xctest */,
			);
			name = Products;
			sourceTree = "<group>";
		};
		5D1257CB19AE734C00029CB4 /* Frameworks */ = {
			isa = PBXGroup;
			children = (
				5D1257CC19AE734C00029CB4 /* Cocoa.framework */,
				5D1257EB19AE734C00029CB4 /* XCTest.framework */,
				5D1257CE19AE734C00029CB4 /* Other Frameworks */,
			);
			name = Frameworks;
			sourceTree = "<group>";
		};
		5D1257CE19AE734C00029CB4 /* Other Frameworks */ = {
			isa = PBXGroup;
			children = (
				5D1257CF19AE734C00029CB4 /* AppKit.framework */,
				5D1257D019AE734C00029CB4 /* CoreData.framework */,
				5D1257D119AE734C00029CB4 /* Foundation.framework */,
			);
			name = "Other Frameworks";
			sourceTree = "<group>";
		};
		5D1257D219AE734C00029CB4 /* WhosNext */ = {
			isa = PBXGroup;
			children = (
				5D12580619AE765500029CB4 /* Model */,
				5D12580519AE763200029CB4 /* GUI */,
				5D1257E419AE734C00029CB4 /* Images.xcassets */,
				5D1257D319AE734C00029CB4 /* Supporting Files */,
			);
			path = WhosNext;
			sourceTree = "<group>";
		};
		5D1257D319AE734C00029CB4 /* Supporting Files */ = {
			isa = PBXGroup;
			children = (
				5D1257D419AE734C00029CB4 /* WhosNext-Info.plist */,
				5D1257D519AE734C00029CB4 /* InfoPlist.strings */,
				5D1257D819AE734C00029CB4 /* main.m */,
				5D1257DA19AE734C00029CB4 /* WhosNext-Prefix.pch */,
				5D1257DB19AE734C00029CB4 /* Credits.rtf */,
			);
			name = "Supporting Files";
			sourceTree = "<group>";
		};
		5D1257F019AE734C00029CB4 /* WhosNextTests */ = {
			isa = PBXGroup;
			children = (
				5D1257F619AE734C00029CB4 /* WhosNextTests.m */,
				5D1257F119AE734C00029CB4 /* Supporting Files */,
			);
			path = WhosNextTests;
			sourceTree = "<group>";
		};
		5D1257F119AE734C00029CB4 /* Supporting Files */ = {
			isa = PBXGroup;
			children = (
				5D1257F219AE734C00029CB4 /* WhosNextTests-Info.plist */,
				5D1257F319AE734C00029CB4 /* InfoPlist.strings */,
			);
			name = "Supporting Files";
			sourceTree = "<group>";
		};
		5D12580519AE763200029CB4 /* GUI */ = {
			isa = PBXGroup;
			children = (
				5D1257DE19AE734C00029CB4 /* AppDelegate.h */,
				5D1257DF19AE734C00029CB4 /* AppDelegate.m */,
				5D12580019AE744A00029CB4 /* MasterViewController.h */,
				5D12580119AE744A00029CB4 /* MasterViewController.m */,
				5D12580219AE744A00029CB4 /* MasterViewController.xib */,
				5D1257E119AE734C00029CB4 /* MainMenu.xib */,
			);
			name = GUI;
			sourceTree = "<group>";
		};
		5D12580619AE765500029CB4 /* Model */ = {
			isa = PBXGroup;
			children = (
				5D12580719AE76CC00029CB4 /* TeamMemberData.h */,
				5D12580819AE76CC00029CB4 /* TeamMemberData.m */,
				5D12580A19AE77EB00029CB4 /* TeamMeberDoc.h */,
				5D12580B19AE77EB00029CB4 /* TeamMeberDoc.m */,
			);
			name = Model;
			sourceTree = "<group>";
		};
/* End PBXGroup section */

/* Begin PBXNativeTarget section */
		5D1257C819AE734C00029CB4 /* WhosNext */ = {
			isa = PBXNativeTarget;
			buildConfigurationList = 5D1257FA19AE734C00029CB4 /* Build configuration list for PBXNativeTarget "WhosNext" */;
			buildPhases = (
				5D1257C519AE734C00029CB4 /* Sources */,
				5D1257C619AE734C00029CB4 /* Frameworks */,
				5D1257C719AE734C00029CB4 /* Resources */,
			);
			buildRules = (
			);
			dependencies = (
			);
			name = WhosNext;
			productName = WhosNext;
			productReference = 5D1257C919AE734C00029CB4 /* WhosNext.app */;
			productType = "com.apple.product-type.application";
		};
		5D1257E919AE734C00029CB4 /* WhosNextTests */ = {
			isa = PBXNativeTarget;
			buildConfigurationList = 5D1257FD19AE734C00029CB4 /* Build configuration list for PBXNativeTarget "WhosNextTests" */;
			buildPhases = (
				5D1257E619AE734C00029CB4 /* Sources */,
				5D1257E719AE734C00029CB4 /* Frameworks */,
				5D1257E819AE734C00029CB4 /* Resources */,
			);
			buildRules = (
			);
			dependencies = (
				5D1257EF19AE734C00029CB4 /* PBXTargetDependency */,
			);
			name = WhosNextTests;
			productName = WhosNextTests;
			productReference = 5D1257EA19AE734C00029CB4 /* WhosNextTests.xctest */;
			productType = "com.apple.product-type.bundle.unit-test";
		};
/* End PBXNativeTarget section */

/* Begin PBXProject section */
		5D1257C119AE734C00029CB4 /* Project object */ = {
			isa = PBXProject;
			attributes = {
				LastUpgradeCheck = 0510;
				ORGANIZATIONNAME = LeanDog;
				TargetAttributes = {
					5D1257E919AE734C00029CB4 = {
						TestTargetID = 5D1257C819AE734C00029CB4;
					};
				};
			};
			buildConfigurationList = 5D1257C419AE734C00029CB4 /* Build configuration list for PBXProject "WhosNext" */;
			compatibilityVersion = "Xcode 3.2";
			developmentRegion = English;
			hasScannedForEncodings = 0;
			knownRegions = (
				en,
				Base,
			);
			mainGroup = 5D1257C019AE734C00029CB4;
			productRefGroup = 5D1257CA19AE734C00029CB4 /* Products */;
			projectDirPath = "";
			projectRoot = "";
			targets = (
				5D1257C819AE734C00029CB4 /* WhosNext */,
				5D1257E919AE734C00029CB4 /* WhosNextTests */,
			);
		};
/* End PBXProject section */

/* Begin PBXResourcesBuildPhase section */
		5D1257C719AE734C00029CB4 /* Resources */ = {
			isa = PBXResourcesBuildPhase;
			buildActionMask = 2147483647;
			files = (
				5D12580419AE744A00029CB4 /* MasterViewController.xib in Resources */,
				5D1257D719AE734C00029CB4 /* InfoPlist.strings in Resources */,
				5D1257E519AE734C00029CB4 /* Images.xcassets in Resources */,
				5D1257DD19AE734C00029CB4 /* Credits.rtf in Resources */,
				5D1257E319AE734C00029CB4 /* MainMenu.xib in Resources */,
			);
			runOnlyForDeploymentPostprocessing = 0;
		};
		5D1257E819AE734C00029CB4 /* Resources */ = {
			isa = PBXResourcesBuildPhase;
			buildActionMask = 2147483647;
			files = (
				5D1257F519AE734C00029CB4 /* InfoPlist.strings in Resources */,
			);
			runOnlyForDeploymentPostprocessing = 0;
		};
/* End PBXResourcesBuildPhase section */

/* Begin PBXSourcesBuildPhase section */
		5D1257C519AE734C00029CB4 /* Sources */ = {
			isa = PBXSourcesBuildPhase;
			buildActionMask = 2147483647;
			files = (
				5D12580C19AE77EB00029CB4 /* TeamMeberDoc.m in Sources */,
				5D12580919AE76CC00029CB4 /* TeamMemberData.m in Sources */,
				5D1257E019AE734C00029CB4 /* AppDelegate.m in Sources */,
				5D12580319AE744A00029CB4 /* MasterViewController.m in Sources */,
				5D1257D919AE734C00029CB4 /* main.m in Sources */,
			);
			runOnlyForDeploymentPostprocessing = 0;
		};
		5D1257E619AE734C00029CB4 /* Sources */ = {
			isa = PBXSourcesBuildPhase;
			buildActionMask = 2147483647;
			files = (
				5D1257F719AE734C00029CB4 /* WhosNextTests.m in Sources */,
			);
			runOnlyForDeploymentPostprocessing = 0;
		};
/* End PBXSourcesBuildPhase section */

/* Begin PBXTargetDependency section */
		5D1257EF19AE734C00029CB4 /* PBXTargetDependency */ = {
			isa = PBXTargetDependency;
			target = 5D1257C819AE734C00029CB4 /* WhosNext */;
			targetProxy = 5D1257EE19AE734C00029CB4 /* PBXContainerItemProxy */;
		};
/* End PBXTargetDependency section */

/* Begin PBXVariantGroup section */
		5D1257D519AE734C00029CB4 /* InfoPlist.strings */ = {
			isa = PBXVariantGroup;
			children = (
				5D1257D619AE734C00029CB4 /* en */,
			);
			name = InfoPlist.strings;
			sourceTree = "<group>";
		};
		5D1257DB19AE734C00029CB4 /* Credits.rtf */ = {
			isa = PBXVariantGroup;
			children = (
				5D1257DC19AE734C00029CB4 /* en */,
			);
			name = Credits.rtf;
			sourceTree = "<group>";
		};
		5D1257E119AE734C00029CB4 /* MainMenu.xib */ = {
			isa = PBXVariantGroup;
			children = (
				5D1257E219AE734C00029CB4 /* Base */,
			);
			name = MainMenu.xib;
			sourceTree = "<group>";
		};
		5D1257F319AE734C00029CB4 /* InfoPlist.strings */ = {
			isa = PBXVariantGroup;
			children = (
				5D1257F419AE734C00029CB4 /* en */,
			);
			name = InfoPlist.strings;
			sourceTree = "<group>";
		};
/* End PBXVariantGroup section */

/* Begin XCBuildConfiguration section */
		5D1257F819AE734C00029CB4 /* Debug */ = {
			isa = XCBuildConfiguration;
			buildSettings = {
				ALWAYS_SEARCH_USER_PATHS = NO;
				CLANG_CXX_LANGUAGE_STANDARD = "gnu++0x";
				CLANG_CXX_LIBRARY = "libc++";
				CLANG_ENABLE_MODULES = YES;
				CLANG_ENABLE_OBJC_ARC = YES;
				CLANG_WARN_BOOL_CONVERSION = YES;
				CLANG_WARN_CONSTANT_CONVERSION = YES;
				CLANG_WARN_DIRECT_OBJC_ISA_USAGE = YES_ERROR;
				CLANG_WARN_EMPTY_BODY = YES;
				CLANG_WARN_ENUM_CONVERSION = YES;
				CLANG_WARN_INT_CONVERSION = YES;
				CLANG_WARN_OBJC_ROOT_CLASS = YES_ERROR;
				CLANG_WARN__DUPLICATE_METHOD_MATCH = YES;
				COPY_PHASE_STRIP = NO;
				GCC_C_LANGUAGE_STANDARD = gnu99;
				GCC_DYNAMIC_NO_PIC = NO;
				GCC_ENABLE_OBJC_EXCEPTIONS = YES;
				GCC_OPTIMIZATION_LEVEL = 0;
				GCC_PREPROCESSOR_DEFINITIONS = (
					"DEBUG=1",
					"$(inherited)",
				);
				GCC_SYMBOLS_PRIVATE_EXTERN = NO;
				GCC_WARN_64_TO_32_BIT_CONVERSION = YES;
				GCC_WARN_ABOUT_RETURN_TYPE = YES_ERROR;
				GCC_WARN_UNDECLARED_SELECTOR = YES;
				GCC_WARN_UNINITIALIZED_AUTOS = YES_AGGRESSIVE;
				GCC_WARN_UNUSED_FUNCTION = YES;
				GCC_WARN_UNUSED_VARIABLE = YES;
				MACOSX_DEPLOYMENT_TARGET = 10.8;
				ONLY_ACTIVE_ARCH = YES;
				SDKROOT = macosx;
			};
			name = Debug;
		};
		5D1257F919AE734C00029CB4 /* Release */ = {
			isa = XCBuildConfiguration;
			buildSettings = {
				ALWAYS_SEARCH_USER_PATHS = NO;
				CLANG_CXX_LANGUAGE_STANDARD = "gnu++0x";
				CLANG_CXX_LIBRARY = "libc++";
				CLANG_ENABLE_MODULES = YES;
				CLANG_ENABLE_OBJC_ARC = YES;
				CLANG_WARN_BOOL_CONVERSION = YES;
				CLANG_WARN_CONSTANT_CONVERSION = YES;
				CLANG_WARN_DIRECT_OBJC_ISA_USAGE = YES_ERROR;
				CLANG_WARN_EMPTY_BODY = YES;
				CLANG_WARN_ENUM_CONVERSION = YES;
				CLANG_WARN_INT_CONVERSION = YES;
				CLANG_WARN_OBJC_ROOT_CLASS = YES_ERROR;
				CLANG_WARN__DUPLICATE_METHOD_MATCH = YES;
				COPY_PHASE_STRIP = YES;
				DEBUG_INFORMATION_FORMAT = "dwarf-with-dsym";
				ENABLE_NS_ASSERTIONS = NO;
				GCC_C_LANGUAGE_STANDARD = gnu99;
				GCC_ENABLE_OBJC_EXCEPTIONS = YES;
				GCC_WARN_64_TO_32_BIT_CONVERSION = YES;
				GCC_WARN_ABOUT_RETURN_TYPE = YES_ERROR;
				GCC_WARN_UNDECLARED_SELECTOR = YES;
				GCC_WARN_UNINITIALIZED_AUTOS = YES_AGGRESSIVE;
				GCC_WARN_UNUSED_FUNCTION = YES;
				GCC_WARN_UNUSED_VARIABLE = YES;
				MACOSX_DEPLOYMENT_TARGET = 10.8;
				SDKROOT = macosx;
			};
			name = Release;
		};
		5D1257FB19AE734C00029CB4 /* Debug */ = {
			isa = XCBuildConfiguration;
			buildSettings = {
				ASSETCATALOG_COMPILER_APPICON_NAME = AppIcon;
				COMBINE_HIDPI_IMAGES = YES;
				GCC_PRECOMPILE_PREFIX_HEADER = YES;
				GCC_PREFIX_HEADER = "WhosNext/WhosNext-Prefix.pch";
				INFOPLIST_FILE = "WhosNext/WhosNext-Info.plist";
				PRODUCT_NAME = "$(TARGET_NAME)";
				WRAPPER_EXTENSION = app;
			};
			name = Debug;
		};
		5D1257FC19AE734C00029CB4 /* Release */ = {
			isa = XCBuildConfiguration;
			buildSettings = {
				ASSETCATALOG_COMPILER_APPICON_NAME = AppIcon;
				COMBINE_HIDPI_IMAGES = YES;
				GCC_PRECOMPILE_PREFIX_HEADER = YES;
				GCC_PREFIX_HEADER = "WhosNext/WhosNext-Prefix.pch";
				INFOPLIST_FILE = "WhosNext/WhosNext-Info.plist";
				PRODUCT_NAME = "$(TARGET_NAME)";
				WRAPPER_EXTENSION = app;
			};
			name = Release;
		};
		5D1257FE19AE734C00029CB4 /* Debug */ = {
			isa = XCBuildConfiguration;
			buildSettings = {
				BUNDLE_LOADER = "$(BUILT_PRODUCTS_DIR)/WhosNext.app/Contents/MacOS/WhosNext";
				COMBINE_HIDPI_IMAGES = YES;
				FRAMEWORK_SEARCH_PATHS = (
					"$(DEVELOPER_FRAMEWORKS_DIR)",
					"$(inherited)",
				);
				GCC_PRECOMPILE_PREFIX_HEADER = YES;
				GCC_PREFIX_HEADER = "WhosNext/WhosNext-Prefix.pch";
				GCC_PREPROCESSOR_DEFINITIONS = (
					"DEBUG=1",
					"$(inherited)",
				);
				INFOPLIST_FILE = "WhosNextTests/WhosNextTests-Info.plist";
				PRODUCT_NAME = "$(TARGET_NAME)";
				TEST_HOST = "$(BUNDLE_LOADER)";
				WRAPPER_EXTENSION = xctest;
			};
			name = Debug;
		};
		5D1257FF19AE734C00029CB4 /* Release */ = {
			isa = XCBuildConfiguration;
			buildSettings = {
				BUNDLE_LOADER = "$(BUILT_PRODUCTS_DIR)/WhosNext.app/Contents/MacOS/WhosNext";
				COMBINE_HIDPI_IMAGES = YES;
				FRAMEWORK_SEARCH_PATHS = (
					"$(DEVELOPER_FRAMEWORKS_DIR)",
					"$(inherited)",
				);
				GCC_PRECOMPILE_PREFIX_HEADER = YES;
				GCC_PREFIX_HEADER = "WhosNext/WhosNext-Prefix.pch";
				INFOPLIST_FILE = "WhosNextTests/WhosNextTests-Info.plist";
				PRODUCT_NAME = "$(TARGET_NAME)";
				TEST_HOST = "$(BUNDLE_LOADER)";
				WRAPPER_EXTENSION = xctest;
			};
			name = Release;
		};
/* End XCBuildConfiguration section */

/* Begin XCConfigurationList section */
		5D1257C419AE734C00029CB4 /* Build configuration list for PBXProject "WhosNext" */ = {
			isa = XCConfigurationList;
			buildConfigurations = (
				5D1257F819AE734C00029CB4 /* Debug */,
				5D1257F919AE734C00029CB4 /* Release */,
			);
			defaultConfigurationIsVisible = 0;
			defaultConfigurationName = Release;
		};
		5D1257FA19AE734C00029CB4 /* Build configuration list for PBXNativeTarget "WhosNext" */ = {
			isa = XCConfigurationList;
			buildConfigurations = (
				5D1257FB19AE734C00029CB4 /* Debug */,
				5D1257FC19AE734C00029CB4 /* Release */,
			);
			defaultConfigurationIsVisible = 0;
		};
		5D1257FD19AE734C00029CB4 /* Build configuration list for PBXNativeTarget "WhosNextTests" */ = {
			isa = XCConfigurationList;
			buildConfigurations = (
				5D1257FE19AE734C00029CB4 /* Debug */,
				5D1257FF19AE734C00029CB4 /* Release */,
			);
			defaultConfigurationIsVisible = 0;
		};
/* End XCConfigurationList section */
	};
	rootObject = 5D1257C119AE734C00029CB4 /* Project object */;
}
